
Microsoft Visual Studio Solution File, Format Version 12.00
# Visual Studio Version 17
VisualStudioVersion = 17.9.34714.143
MinimumVisualStudioVersion = 10.0.40219.1
Project("{9A19103F-16F7-4668-BE54-9A1E7A4F7556}") = "Neoteric.Core", "Neoteric.Core\Neoteric.Core.csproj", "{F9C96070-9382-4060-B9EB-F985783455FE}"
EndProject
Project("{2150E333-8FDC-42A3-9474-1A3956D46DE8}") = "Modules", "Modules", "{25B0069D-23F2-4510-A0C5-D1AE5D42C71A}"
EndProject
Project("{2150E333-8FDC-42A3-9474-1A3956D46DE8}") = "TransferCase", "TransferCase", "{CCE51A0A-7AE2-4EE2-8C6C-292F8C84270B}"
	ProjectSection(SolutionItems) = preProject
		Modules\TransferCase\readme.md = Modules\TransferCase\readme.md
	EndProjectSection
EndProject
Project("{2150E333-8FDC-42A3-9474-1A3956D46DE8}") = "_ref", "_ref", "{AF010956-C2BC-47F6-A532-604F02AB5031}"
EndProject
Project("{9A19103F-16F7-4668-BE54-9A1E7A4F7556}") = "Meadow.Foundation.Core", "..\..\..\wilderness\Meadow.Foundation\Source\Meadow.Foundation.Core\Meadow.Foundation.Core.csproj", "{1926FFDE-EDCE-4FD8-BBEE-41933BBEBE82}"
EndProject
Project("{9A19103F-16F7-4668-BE54-9A1E7A4F7556}") = "Meadow.Core", "..\..\..\wilderness\Meadow.Core\source\Meadow.Core\Meadow.Core.csproj", "{171B573E-730D-40A2-90F8-908C3B8D7CBD}"
EndProject
Project("{9A19103F-16F7-4668-BE54-9A1E7A4F7556}") = "Meadow.Logging", "..\..\..\wilderness\Meadow.Logging\Source\Meadow.Logging\lib\Meadow.Logging.csproj", "{0C8C8550-7D23-4927-A5C5-7F8D53744BF1}"
EndProject
Project("{9A19103F-16F7-4668-BE54-9A1E7A4F7556}") = "Meadow.Units", "..\..\..\wilderness\Meadow.Units\Source\Meadow.Units\Meadow.Units.csproj", "{E8CD051D-4612-431B-9999-E00063F080DE}"
EndProject
Project("{9A19103F-16F7-4668-BE54-9A1E7A4F7556}") = "Meadow.F7", "..\..\..\wilderness\Meadow.Core\source\implementations\f7\Meadow.F7\Meadow.F7.csproj", "{70930B02-0A8A-43B3-B3C2-5C4BCADD282D}"
EndProject
Project("{9A19103F-16F7-4668-BE54-9A1E7A4F7556}") = "Graphics.MicroGraphics", "..\..\..\wilderness\Meadow.Foundation\Source\Meadow.Foundation.Libraries_and_Frameworks\Graphics.MicroGraphics\Driver\Graphics.MicroGraphics.csproj", "{21B69360-072D-4FAB-BC49-CC2B333DF2D3}"
EndProject
Project("{9A19103F-16F7-4668-BE54-9A1E7A4F7556}") = "Graphics.MicroLayout", "..\..\..\wilderness\Meadow.Foundation\Source\Meadow.Foundation.Libraries_and_Frameworks\Graphics.MicroLayout\Driver\Graphics.MicroLayout.csproj", "{8356BC72-F195-4ECF-99D6-305677B99E92}"
EndProject
Project("{9A19103F-16F7-4668-BE54-9A1E7A4F7556}") = "Displays.Ssd130x", "..\..\..\wilderness\Meadow.Foundation\Source\Meadow.Foundation.Peripherals\Displays.Ssd130x\Driver\Displays.Ssd130x.csproj", "{C05CA773-B8D3-4BBA-941E-7E7437EDAB53}"
EndProject
Project("{9A19103F-16F7-4668-BE54-9A1E7A4F7556}") = "Neoteric.TransferCase.Core", "Modules\TransferCase\src\Neoteric.TransferCase.Core\Neoteric.TransferCase.Core.csproj", "{8AC9B2C7-FF29-475A-9247-9D4CDB914C96}"
EndProject
Project("{2150E333-8FDC-42A3-9474-1A3956D46DE8}") = "src", "src", "{D60C4C9E-D9BF-457B-921A-FE9D8738626E}"
EndProject
Project("{2150E333-8FDC-42A3-9474-1A3956D46DE8}") = "doc", "doc", "{D45007B2-6100-444E-8F79-0B67B8983F69}"
	ProjectSection(SolutionItems) = preProject
		Modules\TransferCase\doc\NTCv1b.jpg = Modules\TransferCase\doc\NTCv1b.jpg
	EndProjectSection
EndProject
Project("{9A19103F-16F7-4668-BE54-9A1E7A4F7556}") = "Neoteric.TransferCase.F7Exercise", "Modules\TransferCase\src\Neoteric.TransferCase.F7Exercise\Neoteric.TransferCase.F7Exercise.csproj", "{4C56F581-30EF-45A9-A535-0EFBF04FBD73}"
EndProject
Project("{9A19103F-16F7-4668-BE54-9A1E7A4F7556}") = "Neoteric.TransferCase.F7", "Modules\TransferCase\src\Neoteric.TransferCase.F7\Neoteric.TransferCase.F7.csproj", "{DE0439FB-8DA3-491D-A186-4D2DD78E4984}"
EndProject
Project("{9A19103F-16F7-4668-BE54-9A1E7A4F7556}") = "Neoteric.TransferCase.Simulator", "Modules\TransferCase\src\Neoteric.TransferCase.Simulator\Neoteric.TransferCase.Simulator.csproj", "{DAB9C09F-A789-4861-97CE-FFF5A0D849DA}"
EndProject
Project("{9A19103F-16F7-4668-BE54-9A1E7A4F7556}") = "Neoteric.TransferCase.Core.Tests", "Modules\TransferCase\src\Neoteric.TransferCase.Core.Tests\Neoteric.TransferCase.Core.Tests.csproj", "{244B1EF7-8E02-4C18-9AAF-51C5640463BD}"
EndProject
Project("{9A19103F-16F7-4668-BE54-9A1E7A4F7556}") = "Meadow.Contracts", "..\..\..\wilderness\Meadow.Contracts\Source\Meadow.Contracts\Meadow.Contracts.csproj", "{B2ACBEB8-EE1A-49B8-A1A7-CE888A7D24B3}"
EndProject
Project("{2150E333-8FDC-42A3-9474-1A3956D46DE8}") = "Solution Items", "Solution Items", "{32706042-06A3-4EC8-9F1D-3C0939E77C0D}"
	ProjectSection(SolutionItems) = preProject
		..\doc\building-source.md = ..\doc\building-source.md
		..\README.md = ..\README.md
	EndProjectSection
EndProject
Project("{FAE04EC0-301F-11D3-BF4B-00C04F79EFBC}") = "Neoteric.Desktop", "Neoteric.Desktop\Neoteric.Desktop.csproj", "{133D6F8E-AD3B-4734-9C49-3D00593EC756}"
EndProject
Project("{FAE04EC0-301F-11D3-BF4B-00C04F79EFBC}") = "Meadow.CLI", "..\..\..\wilderness\Meadow.CLI\Source\Meadow.CLI\Meadow.CLI.csproj", "{98216364-19D5-4641-8A3C-C90580FF4C72}"
EndProject
Project("{FAE04EC0-301F-11D3-BF4B-00C04F79EFBC}") = "Meadow.HCom", "..\..\..\wilderness\Meadow.CLI\Source\Meadow.HCom\Meadow.HCom.csproj", "{F70A1E8A-817F-4666-B3C6-F07BADA0FA00}"
EndProject
Project("{FAE04EC0-301F-11D3-BF4B-00C04F79EFBC}") = "Meadow.Dfu", "..\..\..\wilderness\Meadow.CLI\Source\Meadow.Dfu\Meadow.Dfu.csproj", "{F50BC06D-8388-C862-D78F-A4BF1495E7D1}"
EndProject
Project("{FAE04EC0-301F-11D3-BF4B-00C04F79EFBC}") = "Meadow.Repository", "..\..\..\wilderness\Meadow.CLI\Source\Meadow.Repository\Meadow.Repository.csproj", "{B861E45E-19F9-32C0-1F79-ABC4DFE0DBE7}"
EndProject
Project("{FAE04EC0-301F-11D3-BF4B-00C04F79EFBC}") = "Meadow.Tooling.Core", "..\..\..\wilderness\Meadow.CLI\Source\Meadow.Tooling.Core\Meadow.Tooling.Core.csproj", "{6AC1B658-19AC-6DA4-59F9-768AD5851994}"
EndProject
Global
	GlobalSection(SolutionConfigurationPlatforms) = preSolution
		Debug|Any CPU = Debug|Any CPU
		ProjectRefs|Any CPU = ProjectRefs|Any CPU
		Release|Any CPU = Release|Any CPU
	EndGlobalSection
	GlobalSection(ProjectConfigurationPlatforms) = postSolution
		{F9C96070-9382-4060-B9EB-F985783455FE}.Debug|Any CPU.ActiveCfg = Debug|Any CPU
		{F9C96070-9382-4060-B9EB-F985783455FE}.Debug|Any CPU.Build.0 = Debug|Any CPU
		{F9C96070-9382-4060-B9EB-F985783455FE}.ProjectRefs|Any CPU.ActiveCfg = Debug|Any CPU
		{F9C96070-9382-4060-B9EB-F985783455FE}.ProjectRefs|Any CPU.Build.0 = Debug|Any CPU
		{F9C96070-9382-4060-B9EB-F985783455FE}.Release|Any CPU.ActiveCfg = Release|Any CPU
		{F9C96070-9382-4060-B9EB-F985783455FE}.Release|Any CPU.Build.0 = Release|Any CPU
		{1926FFDE-EDCE-4FD8-BBEE-41933BBEBE82}.Debug|Any CPU.ActiveCfg = Debug|Any CPU
		{1926FFDE-EDCE-4FD8-BBEE-41933BBEBE82}.Debug|Any CPU.Build.0 = Debug|Any CPU
		{1926FFDE-EDCE-4FD8-BBEE-41933BBEBE82}.ProjectRefs|Any CPU.ActiveCfg = Debug|Any CPU
		{1926FFDE-EDCE-4FD8-BBEE-41933BBEBE82}.ProjectRefs|Any CPU.Build.0 = Debug|Any CPU
		{1926FFDE-EDCE-4FD8-BBEE-41933BBEBE82}.Release|Any CPU.ActiveCfg = Release|Any CPU
		{1926FFDE-EDCE-4FD8-BBEE-41933BBEBE82}.Release|Any CPU.Build.0 = Release|Any CPU
		{171B573E-730D-40A2-90F8-908C3B8D7CBD}.Debug|Any CPU.ActiveCfg = Debug|Any CPU
		{171B573E-730D-40A2-90F8-908C3B8D7CBD}.Debug|Any CPU.Build.0 = Debug|Any CPU
		{171B573E-730D-40A2-90F8-908C3B8D7CBD}.ProjectRefs|Any CPU.ActiveCfg = Debug|Any CPU
		{171B573E-730D-40A2-90F8-908C3B8D7CBD}.ProjectRefs|Any CPU.Build.0 = Debug|Any CPU
		{171B573E-730D-40A2-90F8-908C3B8D7CBD}.Release|Any CPU.ActiveCfg = Release|Any CPU
		{171B573E-730D-40A2-90F8-908C3B8D7CBD}.Release|Any CPU.Build.0 = Release|Any CPU
		{0C8C8550-7D23-4927-A5C5-7F8D53744BF1}.Debug|Any CPU.ActiveCfg = Debug|Any CPU
		{0C8C8550-7D23-4927-A5C5-7F8D53744BF1}.Debug|Any CPU.Build.0 = Debug|Any CPU
		{0C8C8550-7D23-4927-A5C5-7F8D53744BF1}.ProjectRefs|Any CPU.ActiveCfg = Debug|Any CPU
		{0C8C8550-7D23-4927-A5C5-7F8D53744BF1}.ProjectRefs|Any CPU.Build.0 = Debug|Any CPU
		{0C8C8550-7D23-4927-A5C5-7F8D53744BF1}.Release|Any CPU.ActiveCfg = Release|Any CPU
		{0C8C8550-7D23-4927-A5C5-7F8D53744BF1}.Release|Any CPU.Build.0 = Release|Any CPU
		{E8CD051D-4612-431B-9999-E00063F080DE}.Debug|Any CPU.ActiveCfg = Debug|Any CPU
		{E8CD051D-4612-431B-9999-E00063F080DE}.Debug|Any CPU.Build.0 = Debug|Any CPU
		{E8CD051D-4612-431B-9999-E00063F080DE}.ProjectRefs|Any CPU.ActiveCfg = Debug|Any CPU
		{E8CD051D-4612-431B-9999-E00063F080DE}.ProjectRefs|Any CPU.Build.0 = Debug|Any CPU
		{E8CD051D-4612-431B-9999-E00063F080DE}.Release|Any CPU.ActiveCfg = Release|Any CPU
		{E8CD051D-4612-431B-9999-E00063F080DE}.Release|Any CPU.Build.0 = Release|Any CPU
		{70930B02-0A8A-43B3-B3C2-5C4BCADD282D}.Debug|Any CPU.ActiveCfg = Debug|Any CPU
		{70930B02-0A8A-43B3-B3C2-5C4BCADD282D}.Debug|Any CPU.Build.0 = Debug|Any CPU
		{70930B02-0A8A-43B3-B3C2-5C4BCADD282D}.ProjectRefs|Any CPU.ActiveCfg = Debug|Any CPU
		{70930B02-0A8A-43B3-B3C2-5C4BCADD282D}.ProjectRefs|Any CPU.Build.0 = Debug|Any CPU
		{70930B02-0A8A-43B3-B3C2-5C4BCADD282D}.Release|Any CPU.ActiveCfg = Release|Any CPU
		{70930B02-0A8A-43B3-B3C2-5C4BCADD282D}.Release|Any CPU.Build.0 = Release|Any CPU
		{21B69360-072D-4FAB-BC49-CC2B333DF2D3}.Debug|Any CPU.ActiveCfg = Debug|Any CPU
		{21B69360-072D-4FAB-BC49-CC2B333DF2D3}.Debug|Any CPU.Build.0 = Debug|Any CPU
		{21B69360-072D-4FAB-BC49-CC2B333DF2D3}.ProjectRefs|Any CPU.ActiveCfg = Debug|Any CPU
		{21B69360-072D-4FAB-BC49-CC2B333DF2D3}.ProjectRefs|Any CPU.Build.0 = Debug|Any CPU
		{21B69360-072D-4FAB-BC49-CC2B333DF2D3}.Release|Any CPU.ActiveCfg = Release|Any CPU
		{21B69360-072D-4FAB-BC49-CC2B333DF2D3}.Release|Any CPU.Build.0 = Release|Any CPU
		{8356BC72-F195-4ECF-99D6-305677B99E92}.Debug|Any CPU.ActiveCfg = Debug|Any CPU
		{8356BC72-F195-4ECF-99D6-305677B99E92}.Debug|Any CPU.Build.0 = Debug|Any CPU
		{8356BC72-F195-4ECF-99D6-305677B99E92}.ProjectRefs|Any CPU.ActiveCfg = Debug|Any CPU
		{8356BC72-F195-4ECF-99D6-305677B99E92}.ProjectRefs|Any CPU.Build.0 = Debug|Any CPU
		{8356BC72-F195-4ECF-99D6-305677B99E92}.Release|Any CPU.ActiveCfg = Release|Any CPU
		{8356BC72-F195-4ECF-99D6-305677B99E92}.Release|Any CPU.Build.0 = Release|Any CPU
		{C05CA773-B8D3-4BBA-941E-7E7437EDAB53}.Debug|Any CPU.ActiveCfg = Debug|Any CPU
		{C05CA773-B8D3-4BBA-941E-7E7437EDAB53}.Debug|Any CPU.Build.0 = Debug|Any CPU
		{C05CA773-B8D3-4BBA-941E-7E7437EDAB53}.ProjectRefs|Any CPU.ActiveCfg = Debug|Any CPU
		{C05CA773-B8D3-4BBA-941E-7E7437EDAB53}.ProjectRefs|Any CPU.Build.0 = Debug|Any CPU
		{C05CA773-B8D3-4BBA-941E-7E7437EDAB53}.Release|Any CPU.ActiveCfg = Release|Any CPU
		{C05CA773-B8D3-4BBA-941E-7E7437EDAB53}.Release|Any CPU.Build.0 = Release|Any CPU
		{8AC9B2C7-FF29-475A-9247-9D4CDB914C96}.Debug|Any CPU.ActiveCfg = Debug|Any CPU
		{8AC9B2C7-FF29-475A-9247-9D4CDB914C96}.Debug|Any CPU.Build.0 = Debug|Any CPU
		{8AC9B2C7-FF29-475A-9247-9D4CDB914C96}.ProjectRefs|Any CPU.ActiveCfg = Debug|Any CPU
		{8AC9B2C7-FF29-475A-9247-9D4CDB914C96}.ProjectRefs|Any CPU.Build.0 = Debug|Any CPU
		{8AC9B2C7-FF29-475A-9247-9D4CDB914C96}.Release|Any CPU.ActiveCfg = Release|Any CPU
		{8AC9B2C7-FF29-475A-9247-9D4CDB914C96}.Release|Any CPU.Build.0 = Release|Any CPU
		{4C56F581-30EF-45A9-A535-0EFBF04FBD73}.Debug|Any CPU.ActiveCfg = Debug|Any CPU
		{4C56F581-30EF-45A9-A535-0EFBF04FBD73}.Debug|Any CPU.Build.0 = Debug|Any CPU
		{4C56F581-30EF-45A9-A535-0EFBF04FBD73}.ProjectRefs|Any CPU.ActiveCfg = Debug|Any CPU
		{4C56F581-30EF-45A9-A535-0EFBF04FBD73}.ProjectRefs|Any CPU.Build.0 = Debug|Any CPU
		{4C56F581-30EF-45A9-A535-0EFBF04FBD73}.Release|Any CPU.ActiveCfg = Release|Any CPU
		{4C56F581-30EF-45A9-A535-0EFBF04FBD73}.Release|Any CPU.Build.0 = Release|Any CPU
		{DE0439FB-8DA3-491D-A186-4D2DD78E4984}.Debug|Any CPU.ActiveCfg = Debug|Any CPU
		{DE0439FB-8DA3-491D-A186-4D2DD78E4984}.Debug|Any CPU.Build.0 = Debug|Any CPU
		{DE0439FB-8DA3-491D-A186-4D2DD78E4984}.ProjectRefs|Any CPU.ActiveCfg = Debug|Any CPU
		{DE0439FB-8DA3-491D-A186-4D2DD78E4984}.ProjectRefs|Any CPU.Build.0 = Debug|Any CPU
		{DE0439FB-8DA3-491D-A186-4D2DD78E4984}.Release|Any CPU.ActiveCfg = Release|Any CPU
		{DE0439FB-8DA3-491D-A186-4D2DD78E4984}.Release|Any CPU.Build.0 = Release|Any CPU
		{DAB9C09F-A789-4861-97CE-FFF5A0D849DA}.Debug|Any CPU.ActiveCfg = Debug|Any CPU
		{DAB9C09F-A789-4861-97CE-FFF5A0D849DA}.Debug|Any CPU.Build.0 = Debug|Any CPU
		{DAB9C09F-A789-4861-97CE-FFF5A0D849DA}.ProjectRefs|Any CPU.ActiveCfg = Debug|Any CPU
		{DAB9C09F-A789-4861-97CE-FFF5A0D849DA}.ProjectRefs|Any CPU.Build.0 = Debug|Any CPU
		{DAB9C09F-A789-4861-97CE-FFF5A0D849DA}.Release|Any CPU.ActiveCfg = Release|Any CPU
		{DAB9C09F-A789-4861-97CE-FFF5A0D849DA}.Release|Any CPU.Build.0 = Release|Any CPU
		{244B1EF7-8E02-4C18-9AAF-51C5640463BD}.Debug|Any CPU.ActiveCfg = Debug|Any CPU
		{244B1EF7-8E02-4C18-9AAF-51C5640463BD}.Debug|Any CPU.Build.0 = Debug|Any CPU
		{244B1EF7-8E02-4C18-9AAF-51C5640463BD}.ProjectRefs|Any CPU.ActiveCfg = Debug|Any CPU
		{244B1EF7-8E02-4C18-9AAF-51C5640463BD}.ProjectRefs|Any CPU.Build.0 = Debug|Any CPU
		{244B1EF7-8E02-4C18-9AAF-51C5640463BD}.Release|Any CPU.ActiveCfg = Release|Any CPU
		{244B1EF7-8E02-4C18-9AAF-51C5640463BD}.Release|Any CPU.Build.0 = Release|Any CPU
		{B2ACBEB8-EE1A-49B8-A1A7-CE888A7D24B3}.Debug|Any CPU.ActiveCfg = Debug|Any CPU
		{B2ACBEB8-EE1A-49B8-A1A7-CE888A7D24B3}.Debug|Any CPU.Build.0 = Debug|Any CPU
		{B2ACBEB8-EE1A-49B8-A1A7-CE888A7D24B3}.ProjectRefs|Any CPU.ActiveCfg = Debug|Any CPU
		{B2ACBEB8-EE1A-49B8-A1A7-CE888A7D24B3}.ProjectRefs|Any CPU.Build.0 = Debug|Any CPU
		{B2ACBEB8-EE1A-49B8-A1A7-CE888A7D24B3}.Release|Any CPU.ActiveCfg = Release|Any CPU
		{B2ACBEB8-EE1A-49B8-A1A7-CE888A7D24B3}.Release|Any CPU.Build.0 = Release|Any CPU
		{133D6F8E-AD3B-4734-9C49-3D00593EC756}.Debug|Any CPU.ActiveCfg = Debug|Any CPU
		{133D6F8E-AD3B-4734-9C49-3D00593EC756}.Debug|Any CPU.Build.0 = Debug|Any CPU
		{133D6F8E-AD3B-4734-9C49-3D00593EC756}.ProjectRefs|Any CPU.ActiveCfg = Debug|Any CPU
		{133D6F8E-AD3B-4734-9C49-3D00593EC756}.ProjectRefs|Any CPU.Build.0 = Debug|Any CPU
		{133D6F8E-AD3B-4734-9C49-3D00593EC756}.Release|Any CPU.ActiveCfg = Release|Any CPU
		{133D6F8E-AD3B-4734-9C49-3D00593EC756}.Release|Any CPU.Build.0 = Release|Any CPU
		{98216364-19D5-4641-8A3C-C90580FF4C72}.Debug|Any CPU.ActiveCfg = Debug|Any CPU
		{98216364-19D5-4641-8A3C-C90580FF4C72}.Debug|Any CPU.Build.0 = Debug|Any CPU
		{98216364-19D5-4641-8A3C-C90580FF4C72}.ProjectRefs|Any CPU.ActiveCfg = Debug|Any CPU
		{98216364-19D5-4641-8A3C-C90580FF4C72}.ProjectRefs|Any CPU.Build.0 = Debug|Any CPU
		{98216364-19D5-4641-8A3C-C90580FF4C72}.Release|Any CPU.ActiveCfg = Release|Any CPU
		{98216364-19D5-4641-8A3C-C90580FF4C72}.Release|Any CPU.Build.0 = Release|Any CPU
		{F70A1E8A-817F-4666-B3C6-F07BADA0FA00}.Debug|Any CPU.ActiveCfg = Debug|Any CPU
		{F70A1E8A-817F-4666-B3C6-F07BADA0FA00}.Debug|Any CPU.Build.0 = Debug|Any CPU
		{F70A1E8A-817F-4666-B3C6-F07BADA0FA00}.ProjectRefs|Any CPU.ActiveCfg = Debug|Any CPU
		{F70A1E8A-817F-4666-B3C6-F07BADA0FA00}.ProjectRefs|Any CPU.Build.0 = Debug|Any CPU
		{F70A1E8A-817F-4666-B3C6-F07BADA0FA00}.Release|Any CPU.ActiveCfg = Release|Any CPU
		{F70A1E8A-817F-4666-B3C6-F07BADA0FA00}.Release|Any CPU.Build.0 = Release|Any CPU
		{F50BC06D-8388-C862-D78F-A4BF1495E7D1}.Debug|Any CPU.ActiveCfg = Debug|Any CPU
		{F50BC06D-8388-C862-D78F-A4BF1495E7D1}.Debug|Any CPU.Build.0 = Debug|Any CPU
		{F50BC06D-8388-C862-D78F-A4BF1495E7D1}.ProjectRefs|Any CPU.ActiveCfg = Release|Any CPU
		{F50BC06D-8388-C862-D78F-A4BF1495E7D1}.ProjectRefs|Any CPU.Build.0 = Release|Any CPU
		{F50BC06D-8388-C862-D78F-A4BF1495E7D1}.Release|Any CPU.ActiveCfg = Release|Any CPU
		{F50BC06D-8388-C862-D78F-A4BF1495E7D1}.Release|Any CPU.Build.0 = Release|Any CPU
		{B861E45E-19F9-32C0-1F79-ABC4DFE0DBE7}.Debug|Any CPU.ActiveCfg = Debug|Any CPU
		{B861E45E-19F9-32C0-1F79-ABC4DFE0DBE7}.Debug|Any CPU.Build.0 = Debug|Any CPU
		{B861E45E-19F9-32C0-1F79-ABC4DFE0DBE7}.ProjectRefs|Any CPU.ActiveCfg = Release|Any CPU
		{B861E45E-19F9-32C0-1F79-ABC4DFE0DBE7}.ProjectRefs|Any CPU.Build.0 = Release|Any CPU
		{B861E45E-19F9-32C0-1F79-ABC4DFE0DBE7}.Release|Any CPU.ActiveCfg = Release|Any CPU
		{B861E45E-19F9-32C0-1F79-ABC4DFE0DBE7}.Release|Any CPU.Build.0 = Release|Any CPU
		{6AC1B658-19AC-6DA4-59F9-768AD5851994}.Debug|Any CPU.ActiveCfg = Debug|Any CPU
		{6AC1B658-19AC-6DA4-59F9-768AD5851994}.Debug|Any CPU.Build.0 = Debug|Any CPU
		{6AC1B658-19AC-6DA4-59F9-768AD5851994}.ProjectRefs|Any CPU.ActiveCfg = Release|Any CPU
		{6AC1B658-19AC-6DA4-59F9-768AD5851994}.ProjectRefs|Any CPU.Build.0 = Release|Any CPU
		{6AC1B658-19AC-6DA4-59F9-768AD5851994}.Release|Any CPU.ActiveCfg = Release|Any CPU
		{6AC1B658-19AC-6DA4-59F9-768AD5851994}.Release|Any CPU.Build.0 = Release|Any CPU
	EndGlobalSection
	GlobalSection(SolutionProperties) = preSolution
		HideSolutionNode = FALSE
	EndGlobalSection
	GlobalSection(NestedProjects) = preSolution
		{CCE51A0A-7AE2-4EE2-8C6C-292F8C84270B} = {25B0069D-23F2-4510-A0C5-D1AE5D42C71A}
		{1926FFDE-EDCE-4FD8-BBEE-41933BBEBE82} = {AF010956-C2BC-47F6-A532-604F02AB5031}
		{171B573E-730D-40A2-90F8-908C3B8D7CBD} = {AF010956-C2BC-47F6-A532-604F02AB5031}
		{0C8C8550-7D23-4927-A5C5-7F8D53744BF1} = {AF010956-C2BC-47F6-A532-604F02AB5031}
		{E8CD051D-4612-431B-9999-E00063F080DE} = {AF010956-C2BC-47F6-A532-604F02AB5031}
		{70930B02-0A8A-43B3-B3C2-5C4BCADD282D} = {AF010956-C2BC-47F6-A532-604F02AB5031}
		{21B69360-072D-4FAB-BC49-CC2B333DF2D3} = {AF010956-C2BC-47F6-A532-604F02AB5031}
		{8356BC72-F195-4ECF-99D6-305677B99E92} = {AF010956-C2BC-47F6-A532-604F02AB5031}
		{C05CA773-B8D3-4BBA-941E-7E7437EDAB53} = {AF010956-C2BC-47F6-A532-604F02AB5031}
		{8AC9B2C7-FF29-475A-9247-9D4CDB914C96} = {D60C4C9E-D9BF-457B-921A-FE9D8738626E}
		{D60C4C9E-D9BF-457B-921A-FE9D8738626E} = {CCE51A0A-7AE2-4EE2-8C6C-292F8C84270B}
		{D45007B2-6100-444E-8F79-0B67B8983F69} = {CCE51A0A-7AE2-4EE2-8C6C-292F8C84270B}
		{4C56F581-30EF-45A9-A535-0EFBF04FBD73} = {D60C4C9E-D9BF-457B-921A-FE9D8738626E}
		{DE0439FB-8DA3-491D-A186-4D2DD78E4984} = {D60C4C9E-D9BF-457B-921A-FE9D8738626E}
		{DAB9C09F-A789-4861-97CE-FFF5A0D849DA} = {D60C4C9E-D9BF-457B-921A-FE9D8738626E}
		{244B1EF7-8E02-4C18-9AAF-51C5640463BD} = {D60C4C9E-D9BF-457B-921A-FE9D8738626E}
		{B2ACBEB8-EE1A-49B8-A1A7-CE888A7D24B3} = {AF010956-C2BC-47F6-A532-604F02AB5031}
		{98216364-19D5-4641-8A3C-C90580FF4C72} = {AF010956-C2BC-47F6-A532-604F02AB5031}
		{F70A1E8A-817F-4666-B3C6-F07BADA0FA00} = {AF010956-C2BC-47F6-A532-604F02AB5031}
		{F50BC06D-8388-C862-D78F-A4BF1495E7D1} = {AF010956-C2BC-47F6-A532-604F02AB5031}
		{B861E45E-19F9-32C0-1F79-ABC4DFE0DBE7} = {AF010956-C2BC-47F6-A532-604F02AB5031}
		{6AC1B658-19AC-6DA4-59F9-768AD5851994} = {AF010956-C2BC-47F6-A532-604F02AB5031}
	EndGlobalSection
	GlobalSection(ExtensibilityGlobals) = postSolution
		SolutionGuid = {D4064015-9CB8-48EC-8BC4-81DE03C9FCC5}
	EndGlobalSection
EndGlobal
